// !$*UTF8*$!
{
	archiveVersion = 1;
	classes = {
	};
	objectVersion = 50;
	objects = {

/* Begin PBXBuildFile section */
		3D3CDC9124AA7D0200A0FCD9 /* SymptomsView.swift in Sources */ = {isa = PBXBuildFile; fileRef = 3D3CDC9024AA7D0200A0FCD9 /* SymptomsView.swift */; };
		3D3CDC9424AA8C8A00A0FCD9 /* CreateTaskView.swift in Sources */ = {isa = PBXBuildFile; fileRef = 3D3CDC9324AA8C8A00A0FCD9 /* CreateTaskView.swift */; };
		3D6F54C724AB50AF0085C4D8 /* Checkbox.swift in Sources */ = {isa = PBXBuildFile; fileRef = 3D6F54C624AB50AF0085C4D8 /* Checkbox.swift */; };
		3DA647EF24AD0C0100C4ADBE /* NotificationHelperView.swift in Sources */ = {isa = PBXBuildFile; fileRef = 3DA647EE24AD0C0100C4ADBE /* NotificationHelperView.swift */; };
		3DA647F124AD0FD200C4ADBE /* NotificationHelper.swift in Sources */ = {isa = PBXBuildFile; fileRef = 3DA647F024AD0FD200C4ADBE /* NotificationHelper.swift */; };
		623B001D24A945270067FC60 /* PatientVerticalCard.swift in Sources */ = {isa = PBXBuildFile; fileRef = 623B001C24A945270067FC60 /* PatientVerticalCard.swift */; };
		623B001F24A946E50067FC60 /* LastVisitView.swift in Sources */ = {isa = PBXBuildFile; fileRef = 623B001E24A946E50067FC60 /* LastVisitView.swift */; };
		62B5C62124A905A00068E9C8 /* ProjectXApp.swift in Sources */ = {isa = PBXBuildFile; fileRef = 62B5C62024A905A00068E9C8 /* ProjectXApp.swift */; };
		62B5C62324A905A00068E9C8 /* PatientsListView.swift in Sources */ = {isa = PBXBuildFile; fileRef = 62B5C62224A905A00068E9C8 /* PatientsListView.swift */; };
		62B5C62524A905A20068E9C8 /* Assets.xcassets in Resources */ = {isa = PBXBuildFile; fileRef = 62B5C62424A905A20068E9C8 /* Assets.xcassets */; };
		62B5C62824A905A20068E9C8 /* Preview Assets.xcassets in Resources */ = {isa = PBXBuildFile; fileRef = 62B5C62724A905A20068E9C8 /* Preview Assets.xcassets */; };
		62B5C63324A905A20068E9C8 /* ProjectXTests.swift in Sources */ = {isa = PBXBuildFile; fileRef = 62B5C63224A905A20068E9C8 /* ProjectXTests.swift */; };
		62B5C63E24A905A20068E9C8 /* ProjectXUITests.swift in Sources */ = {isa = PBXBuildFile; fileRef = 62B5C63D24A905A20068E9C8 /* ProjectXUITests.swift */; };
		62B5C64C24A9220C0068E9C8 /* patients.json in Resources */ = {isa = PBXBuildFile; fileRef = 62B5C64B24A9220C0068E9C8 /* patients.json */; };
		62B5C64E24A936B30068E9C8 /* Sequence+KeyPath.swift in Sources */ = {isa = PBXBuildFile; fileRef = 62B5C64D24A936B30068E9C8 /* Sequence+KeyPath.swift */; };
		62B5C65024A936FF0068E9C8 /* Patient.swift in Sources */ = {isa = PBXBuildFile; fileRef = 62B5C64F24A936FF0068E9C8 /* Patient.swift */; };
		62B5C65224A937190068E9C8 /* PatientDetailView.swift in Sources */ = {isa = PBXBuildFile; fileRef = 62B5C65124A937190068E9C8 /* PatientDetailView.swift */; };
		62B5C65424A937450068E9C8 /* ComorbityView.swift in Sources */ = {isa = PBXBuildFile; fileRef = 62B5C65324A937450068E9C8 /* ComorbityView.swift */; };
		62B5C65624A937720068E9C8 /* ListSeparatorStyle.swift in Sources */ = {isa = PBXBuildFile; fileRef = 62B5C65524A937720068E9C8 /* ListSeparatorStyle.swift */; };
		62B5C65824A937A20068E9C8 /* PatientCard.swift in Sources */ = {isa = PBXBuildFile; fileRef = 62B5C65724A937A20068E9C8 /* PatientCard.swift */; };
		62B5C65A24A938F40068E9C8 /* Storage.swift in Sources */ = {isa = PBXBuildFile; fileRef = 62B5C65924A938F40068E9C8 /* Storage.swift */; };
/* End PBXBuildFile section */

/* Begin PBXContainerItemProxy section */
		62B5C62F24A905A20068E9C8 /* PBXContainerItemProxy */ = {
			isa = PBXContainerItemProxy;
			containerPortal = 62B5C61524A905A00068E9C8 /* Project object */;
			proxyType = 1;
			remoteGlobalIDString = 62B5C61C24A905A00068E9C8;
			remoteInfo = ProjectX;
		};
		62B5C63A24A905A20068E9C8 /* PBXContainerItemProxy */ = {
			isa = PBXContainerItemProxy;
			containerPortal = 62B5C61524A905A00068E9C8 /* Project object */;
			proxyType = 1;
			remoteGlobalIDString = 62B5C61C24A905A00068E9C8;
			remoteInfo = ProjectX;
		};
/* End PBXContainerItemProxy section */

/* Begin PBXCopyFilesBuildPhase section */
		3DA647E924ACBEF900C4ADBE /* Embed App Extensions */ = {
			isa = PBXCopyFilesBuildPhase;
			buildActionMask = 2147483647;
			dstPath = "";
			dstSubfolderSpec = 13;
			files = (
			);
			name = "Embed App Extensions";
			runOnlyForDeploymentPostprocessing = 0;
		};
/* End PBXCopyFilesBuildPhase section */

/* Begin PBXFileReference section */
		3D3CDC9024AA7D0200A0FCD9 /* SymptomsView.swift */ = {isa = PBXFileReference; lastKnownFileType = sourcecode.swift; path = SymptomsView.swift; sourceTree = "<group>"; };
		3D3CDC9324AA8C8A00A0FCD9 /* CreateTaskView.swift */ = {isa = PBXFileReference; lastKnownFileType = sourcecode.swift; path = CreateTaskView.swift; sourceTree = "<group>"; };
		3D6F54C624AB50AF0085C4D8 /* Checkbox.swift */ = {isa = PBXFileReference; fileEncoding = 4; lastKnownFileType = sourcecode.swift; path = Checkbox.swift; sourceTree = "<group>"; };
		3DA647DB24ACBEF900C4ADBE /* UserNotifications.framework */ = {isa = PBXFileReference; lastKnownFileType = wrapper.framework; name = UserNotifications.framework; path = System/Library/Frameworks/UserNotifications.framework; sourceTree = SDKROOT; };
		3DA647DD24ACBEF900C4ADBE /* UserNotificationsUI.framework */ = {isa = PBXFileReference; lastKnownFileType = wrapper.framework; name = UserNotificationsUI.framework; path = System/Library/Frameworks/UserNotificationsUI.framework; sourceTree = SDKROOT; };
		3DA647EE24AD0C0100C4ADBE /* NotificationHelperView.swift */ = {isa = PBXFileReference; lastKnownFileType = sourcecode.swift; path = NotificationHelperView.swift; sourceTree = "<group>"; };
		3DA647F024AD0FD200C4ADBE /* NotificationHelper.swift */ = {isa = PBXFileReference; lastKnownFileType = sourcecode.swift; path = NotificationHelper.swift; sourceTree = "<group>"; };
		623B001C24A945270067FC60 /* PatientVerticalCard.swift */ = {isa = PBXFileReference; lastKnownFileType = sourcecode.swift; path = PatientVerticalCard.swift; sourceTree = "<group>"; };
		623B001E24A946E50067FC60 /* LastVisitView.swift */ = {isa = PBXFileReference; lastKnownFileType = sourcecode.swift; path = LastVisitView.swift; sourceTree = "<group>"; };
		62B5C61D24A905A00068E9C8 /* ProjectX.app */ = {isa = PBXFileReference; explicitFileType = wrapper.application; includeInIndex = 0; path = ProjectX.app; sourceTree = BUILT_PRODUCTS_DIR; };
		62B5C62024A905A00068E9C8 /* ProjectXApp.swift */ = {isa = PBXFileReference; lastKnownFileType = sourcecode.swift; path = ProjectXApp.swift; sourceTree = "<group>"; };
		62B5C62224A905A00068E9C8 /* PatientsListView.swift */ = {isa = PBXFileReference; lastKnownFileType = sourcecode.swift; path = PatientsListView.swift; sourceTree = "<group>"; };
		62B5C62424A905A20068E9C8 /* Assets.xcassets */ = {isa = PBXFileReference; lastKnownFileType = folder.assetcatalog; path = Assets.xcassets; sourceTree = "<group>"; };
		62B5C62724A905A20068E9C8 /* Preview Assets.xcassets */ = {isa = PBXFileReference; lastKnownFileType = folder.assetcatalog; path = "Preview Assets.xcassets"; sourceTree = "<group>"; };
		62B5C62924A905A20068E9C8 /* Info.plist */ = {isa = PBXFileReference; lastKnownFileType = text.plist.xml; path = Info.plist; sourceTree = "<group>"; };
		62B5C62E24A905A20068E9C8 /* ProjectXTests.xctest */ = {isa = PBXFileReference; explicitFileType = wrapper.cfbundle; includeInIndex = 0; path = ProjectXTests.xctest; sourceTree = BUILT_PRODUCTS_DIR; };
		62B5C63224A905A20068E9C8 /* ProjectXTests.swift */ = {isa = PBXFileReference; lastKnownFileType = sourcecode.swift; path = ProjectXTests.swift; sourceTree = "<group>"; };
		62B5C63424A905A20068E9C8 /* Info.plist */ = {isa = PBXFileReference; lastKnownFileType = text.plist.xml; path = Info.plist; sourceTree = "<group>"; };
		62B5C63924A905A20068E9C8 /* ProjectXUITests.xctest */ = {isa = PBXFileReference; explicitFileType = wrapper.cfbundle; includeInIndex = 0; path = ProjectXUITests.xctest; sourceTree = BUILT_PRODUCTS_DIR; };
		62B5C63D24A905A20068E9C8 /* ProjectXUITests.swift */ = {isa = PBXFileReference; lastKnownFileType = sourcecode.swift; path = ProjectXUITests.swift; sourceTree = "<group>"; };
		62B5C63F24A905A20068E9C8 /* Info.plist */ = {isa = PBXFileReference; lastKnownFileType = text.plist.xml; path = Info.plist; sourceTree = "<group>"; };
		62B5C64B24A9220C0068E9C8 /* patients.json */ = {isa = PBXFileReference; lastKnownFileType = text.json; path = patients.json; sourceTree = "<group>"; };
		62B5C64D24A936B30068E9C8 /* Sequence+KeyPath.swift */ = {isa = PBXFileReference; lastKnownFileType = sourcecode.swift; path = "Sequence+KeyPath.swift"; sourceTree = "<group>"; };
		62B5C64F24A936FF0068E9C8 /* Patient.swift */ = {isa = PBXFileReference; lastKnownFileType = sourcecode.swift; path = Patient.swift; sourceTree = "<group>"; };
		62B5C65124A937190068E9C8 /* PatientDetailView.swift */ = {isa = PBXFileReference; lastKnownFileType = sourcecode.swift; path = PatientDetailView.swift; sourceTree = "<group>"; };
		62B5C65324A937450068E9C8 /* ComorbityView.swift */ = {isa = PBXFileReference; lastKnownFileType = sourcecode.swift; path = ComorbityView.swift; sourceTree = "<group>"; };
		62B5C65524A937720068E9C8 /* ListSeparatorStyle.swift */ = {isa = PBXFileReference; lastKnownFileType = sourcecode.swift; path = ListSeparatorStyle.swift; sourceTree = "<group>"; };
		62B5C65724A937A20068E9C8 /* PatientCard.swift */ = {isa = PBXFileReference; lastKnownFileType = sourcecode.swift; path = PatientCard.swift; sourceTree = "<group>"; };
		62B5C65924A938F40068E9C8 /* Storage.swift */ = {isa = PBXFileReference; lastKnownFileType = sourcecode.swift; path = Storage.swift; sourceTree = "<group>"; };
/* End PBXFileReference section */

/* Begin PBXFrameworksBuildPhase section */
		62B5C61A24A905A00068E9C8 /* Frameworks */ = {
			isa = PBXFrameworksBuildPhase;
			buildActionMask = 2147483647;
			files = (
			);
			runOnlyForDeploymentPostprocessing = 0;
		};
		62B5C62B24A905A20068E9C8 /* Frameworks */ = {
			isa = PBXFrameworksBuildPhase;
			buildActionMask = 2147483647;
			files = (
			);
			runOnlyForDeploymentPostprocessing = 0;
		};
		62B5C63624A905A20068E9C8 /* Frameworks */ = {
			isa = PBXFrameworksBuildPhase;
			buildActionMask = 2147483647;
			files = (
			);
			runOnlyForDeploymentPostprocessing = 0;
		};
/* End PBXFrameworksBuildPhase section */

/* Begin PBXGroup section */
		3D3CDC9224AA8BE500A0FCD9 /* Task */ = {
			isa = PBXGroup;
			children = (
				3D3CDC9324AA8C8A00A0FCD9 /* CreateTaskView.swift */,
			);
			path = Task;
			sourceTree = "<group>";
		};
		3D6F54C524AB50A30085C4D8 /* Views */ = {
			isa = PBXGroup;
			children = (
				3D6F54C624AB50AF0085C4D8 /* Checkbox.swift */,
			);
			path = Views;
			sourceTree = "<group>";
		};
		3DA647DA24ACBEF900C4ADBE /* Frameworks */ = {
			isa = PBXGroup;
			children = (
				3DA647DB24ACBEF900C4ADBE /* UserNotifications.framework */,
				3DA647DD24ACBEF900C4ADBE /* UserNotificationsUI.framework */,
			);
			name = Frameworks;
			sourceTree = "<group>";
		};
		3DA647ED24AD0BE200C4ADBE /* Notification Helper */ = {
			isa = PBXGroup;
			children = (
				3DA647EE24AD0C0100C4ADBE /* NotificationHelperView.swift */,
				3DA647F024AD0FD200C4ADBE /* NotificationHelper.swift */,
			);
			path = "Notification Helper";
			sourceTree = "<group>";
		};
		3DCC978724AA381F009910A3 /* Models */ = {
			isa = PBXGroup;
			children = (
				62B5C64F24A936FF0068E9C8 /* Patient.swift */,
			);
			path = Models;
			sourceTree = "<group>";
		};
		3DCC978824AA39B3009910A3 /* Storage */ = {
			isa = PBXGroup;
			children = (
				62B5C64B24A9220C0068E9C8 /* patients.json */,
				62B5C65924A938F40068E9C8 /* Storage.swift */,
			);
			path = Storage;
			sourceTree = "<group>";
		};
		3DCC978924AA39C5009910A3 /* Common */ = {
			isa = PBXGroup;
			children = (
				3D6F54C524AB50A30085C4D8 /* Views */,
				3DCC978724AA381F009910A3 /* Models */,
				3DCC978824AA39B3009910A3 /* Storage */,
				3DCC978B24AA39E6009910A3 /* View Modifiers */,
				3DCC978A24AA39CB009910A3 /* Extensions */,
			);
			path = Common;
			sourceTree = "<group>";
		};
		3DCC978A24AA39CB009910A3 /* Extensions */ = {
			isa = PBXGroup;
			children = (
				62B5C64D24A936B30068E9C8 /* Sequence+KeyPath.swift */,
			);
			path = Extensions;
			sourceTree = "<group>";
		};
		3DCC978B24AA39E6009910A3 /* View Modifiers */ = {
			isa = PBXGroup;
			children = (
				62B5C65524A937720068E9C8 /* ListSeparatorStyle.swift */,
			);
			path = "View Modifiers";
			sourceTree = "<group>";
		};
		3DCC978C24AA3AC3009910A3 /* Screens */ = {
			isa = PBXGroup;
			children = (
				3DA647ED24AD0BE200C4ADBE /* Notification Helper */,
				3D3CDC9224AA8BE500A0FCD9 /* Task */,
				3DCC979024AA3B0D009910A3 /* Patient Detail */,
				3DCC978D24AA3AE4009910A3 /* Patients List */,
			);
			path = Screens;
			sourceTree = "<group>";
		};
		3DCC978D24AA3AE4009910A3 /* Patients List */ = {
			isa = PBXGroup;
			children = (
				62B5C62224A905A00068E9C8 /* PatientsListView.swift */,
			);
			path = "Patients List";
			sourceTree = "<group>";
		};
		3DCC979024AA3B0D009910A3 /* Patient Detail */ = {
			isa = PBXGroup;
			children = (
				62B5C65124A937190068E9C8 /* PatientDetailView.swift */,
				3DCC979124AA3C07009910A3 /* Components */,
			);
			path = "Patient Detail";
			sourceTree = "<group>";
		};
		3DCC979124AA3C07009910A3 /* Components */ = {
			isa = PBXGroup;
			children = (
				623B001E24A946E50067FC60 /* LastVisitView.swift */,
				623B001C24A945270067FC60 /* PatientVerticalCard.swift */,
				62B5C65324A937450068E9C8 /* ComorbityView.swift */,
				62B5C65724A937A20068E9C8 /* PatientCard.swift */,
				3D3CDC9024AA7D0200A0FCD9 /* SymptomsView.swift */,
			);
			path = Components;
			sourceTree = "<group>";
		};
		62B5C61424A905A00068E9C8 = {
			isa = PBXGroup;
			children = (
				62B5C61F24A905A00068E9C8 /* ProjectX */,
				62B5C63124A905A20068E9C8 /* ProjectXTests */,
				62B5C63C24A905A20068E9C8 /* ProjectXUITests */,
				3DA647DA24ACBEF900C4ADBE /* Frameworks */,
				62B5C61E24A905A00068E9C8 /* Products */,
			);
			sourceTree = "<group>";
		};
		62B5C61E24A905A00068E9C8 /* Products */ = {
			isa = PBXGroup;
			children = (
				62B5C61D24A905A00068E9C8 /* ProjectX.app */,
				62B5C62E24A905A20068E9C8 /* ProjectXTests.xctest */,
				62B5C63924A905A20068E9C8 /* ProjectXUITests.xctest */,
			);
			name = Products;
			sourceTree = "<group>";
		};
		62B5C61F24A905A00068E9C8 /* ProjectX */ = {
			isa = PBXGroup;
			children = (
				3DCC978C24AA3AC3009910A3 /* Screens */,
				3DCC978924AA39C5009910A3 /* Common */,
				62B5C62424A905A20068E9C8 /* Assets.xcassets */,
				62B5C62924A905A20068E9C8 /* Info.plist */,
				62B5C62024A905A00068E9C8 /* ProjectXApp.swift */,
				62B5C62624A905A20068E9C8 /* Preview Content */,
			);
			path = ProjectX;
			sourceTree = "<group>";
		};
		62B5C62624A905A20068E9C8 /* Preview Content */ = {
			isa = PBXGroup;
			children = (
				62B5C62724A905A20068E9C8 /* Preview Assets.xcassets */,
			);
			path = "Preview Content";
			sourceTree = "<group>";
		};
		62B5C63124A905A20068E9C8 /* ProjectXTests */ = {
			isa = PBXGroup;
			children = (
				62B5C63224A905A20068E9C8 /* ProjectXTests.swift */,
				62B5C63424A905A20068E9C8 /* Info.plist */,
			);
			path = ProjectXTests;
			sourceTree = "<group>";
		};
		62B5C63C24A905A20068E9C8 /* ProjectXUITests */ = {
			isa = PBXGroup;
			children = (
				62B5C63D24A905A20068E9C8 /* ProjectXUITests.swift */,
				62B5C63F24A905A20068E9C8 /* Info.plist */,
			);
			path = ProjectXUITests;
			sourceTree = "<group>";
		};
/* End PBXGroup section */

/* Begin PBXNativeTarget section */
		62B5C61C24A905A00068E9C8 /* ProjectX */ = {
			isa = PBXNativeTarget;
			buildConfigurationList = 62B5C64224A905A20068E9C8 /* Build configuration list for PBXNativeTarget "ProjectX" */;
			buildPhases = (
				62B5C61924A905A00068E9C8 /* Sources */,
				62B5C61A24A905A00068E9C8 /* Frameworks */,
				62B5C61B24A905A00068E9C8 /* Resources */,
				3DA647E924ACBEF900C4ADBE /* Embed App Extensions */,
			);
			buildRules = (
			);
			dependencies = (
			);
			name = ProjectX;
			productName = ProjectX;
			productReference = 62B5C61D24A905A00068E9C8 /* ProjectX.app */;
			productType = "com.apple.product-type.application";
		};
		62B5C62D24A905A20068E9C8 /* ProjectXTests */ = {
			isa = PBXNativeTarget;
			buildConfigurationList = 62B5C64524A905A20068E9C8 /* Build configuration list for PBXNativeTarget "ProjectXTests" */;
			buildPhases = (
				62B5C62A24A905A20068E9C8 /* Sources */,
				62B5C62B24A905A20068E9C8 /* Frameworks */,
				62B5C62C24A905A20068E9C8 /* Resources */,
			);
			buildRules = (
			);
			dependencies = (
				62B5C63024A905A20068E9C8 /* PBXTargetDependency */,
			);
			name = ProjectXTests;
			productName = ProjectXTests;
			productReference = 62B5C62E24A905A20068E9C8 /* ProjectXTests.xctest */;
			productType = "com.apple.product-type.bundle.unit-test";
		};
		62B5C63824A905A20068E9C8 /* ProjectXUITests */ = {
			isa = PBXNativeTarget;
			buildConfigurationList = 62B5C64824A905A20068E9C8 /* Build configuration list for PBXNativeTarget "ProjectXUITests" */;
			buildPhases = (
				62B5C63524A905A20068E9C8 /* Sources */,
				62B5C63624A905A20068E9C8 /* Frameworks */,
				62B5C63724A905A20068E9C8 /* Resources */,
			);
			buildRules = (
			);
			dependencies = (
				62B5C63B24A905A20068E9C8 /* PBXTargetDependency */,
			);
			name = ProjectXUITests;
			productName = ProjectXUITests;
			productReference = 62B5C63924A905A20068E9C8 /* ProjectXUITests.xctest */;
			productType = "com.apple.product-type.bundle.ui-testing";
		};
/* End PBXNativeTarget section */

/* Begin PBXProject section */
		62B5C61524A905A00068E9C8 /* Project object */ = {
			isa = PBXProject;
			attributes = {
				LastSwiftUpdateCheck = 1200;
				LastUpgradeCheck = 1200;
				TargetAttributes = {
					62B5C61C24A905A00068E9C8 = {
						CreatedOnToolsVersion = 12.0;
					};
					62B5C62D24A905A20068E9C8 = {
						CreatedOnToolsVersion = 12.0;
						TestTargetID = 62B5C61C24A905A00068E9C8;
					};
					62B5C63824A905A20068E9C8 = {
						CreatedOnToolsVersion = 12.0;
						TestTargetID = 62B5C61C24A905A00068E9C8;
					};
				};
			};
			buildConfigurationList = 62B5C61824A905A00068E9C8 /* Build configuration list for PBXProject "ProjectX" */;
			compatibilityVersion = "Xcode 9.3";
			developmentRegion = en;
			hasScannedForEncodings = 0;
			knownRegions = (
				en,
				Base,
			);
			mainGroup = 62B5C61424A905A00068E9C8;
			productRefGroup = 62B5C61E24A905A00068E9C8 /* Products */;
			projectDirPath = "";
			projectRoot = "";
			targets = (
				62B5C61C24A905A00068E9C8 /* ProjectX */,
				62B5C62D24A905A20068E9C8 /* ProjectXTests */,
				62B5C63824A905A20068E9C8 /* ProjectXUITests */,
			);
		};
/* End PBXProject section */

/* Begin PBXResourcesBuildPhase section */
		62B5C61B24A905A00068E9C8 /* Resources */ = {
			isa = PBXResourcesBuildPhase;
			buildActionMask = 2147483647;
			files = (
				62B5C64C24A9220C0068E9C8 /* patients.json in Resources */,
				62B5C62824A905A20068E9C8 /* Preview Assets.xcassets in Resources */,
				62B5C62524A905A20068E9C8 /* Assets.xcassets in Resources */,
			);
			runOnlyForDeploymentPostprocessing = 0;
		};
		62B5C62C24A905A20068E9C8 /* Resources */ = {
			isa = PBXResourcesBuildPhase;
			buildActionMask = 2147483647;
			files = (
			);
			runOnlyForDeploymentPostprocessing = 0;
		};
		62B5C63724A905A20068E9C8 /* Resources */ = {
			isa = PBXResourcesBuildPhase;
			buildActionMask = 2147483647;
			files = (
			);
			runOnlyForDeploymentPostprocessing = 0;
		};
/* End PBXResourcesBuildPhase section */

/* Begin PBXSourcesBuildPhase section */
		62B5C61924A905A00068E9C8 /* Sources */ = {
			isa = PBXSourcesBuildPhase;
			buildActionMask = 2147483647;
			files = (
				62B5C62324A905A00068E9C8 /* PatientsListView.swift in Sources */,
				62B5C65624A937720068E9C8 /* ListSeparatorStyle.swift in Sources */,
				623B001F24A946E50067FC60 /* LastVisitView.swift in Sources */,
				62B5C65024A936FF0068E9C8 /* Patient.swift in Sources */,
				3D6F54C724AB50AF0085C4D8 /* Checkbox.swift in Sources */,
				62B5C65824A937A20068E9C8 /* PatientCard.swift in Sources */,
				3DA647EF24AD0C0100C4ADBE /* NotificationHelperView.swift in Sources */,
				62B5C62124A905A00068E9C8 /* ProjectXApp.swift in Sources */,
				62B5C65A24A938F40068E9C8 /* Storage.swift in Sources */,
				3D3CDC9424AA8C8A00A0FCD9 /* CreateTaskView.swift in Sources */,
				3DA647F124AD0FD200C4ADBE /* NotificationHelper.swift in Sources */,
				62B5C64E24A936B30068E9C8 /* Sequence+KeyPath.swift in Sources */,
				62B5C65224A937190068E9C8 /* PatientDetailView.swift in Sources */,
				3D3CDC9124AA7D0200A0FCD9 /* SymptomsView.swift in Sources */,
				62B5C65424A937450068E9C8 /* ComorbityView.swift in Sources */,
				623B001D24A945270067FC60 /* PatientVerticalCard.swift in Sources */,
			);
			runOnlyForDeploymentPostprocessing = 0;
		};
		62B5C62A24A905A20068E9C8 /* Sources */ = {
			isa = PBXSourcesBuildPhase;
			buildActionMask = 2147483647;
			files = (
				62B5C63324A905A20068E9C8 /* ProjectXTests.swift in Sources */,
			);
			runOnlyForDeploymentPostprocessing = 0;
		};
		62B5C63524A905A20068E9C8 /* Sources */ = {
			isa = PBXSourcesBuildPhase;
			buildActionMask = 2147483647;
			files = (
				62B5C63E24A905A20068E9C8 /* ProjectXUITests.swift in Sources */,
			);
			runOnlyForDeploymentPostprocessing = 0;
		};
/* End PBXSourcesBuildPhase section */

/* Begin PBXTargetDependency section */
		62B5C63024A905A20068E9C8 /* PBXTargetDependency */ = {
			isa = PBXTargetDependency;
			target = 62B5C61C24A905A00068E9C8 /* ProjectX */;
			targetProxy = 62B5C62F24A905A20068E9C8 /* PBXContainerItemProxy */;
		};
		62B5C63B24A905A20068E9C8 /* PBXTargetDependency */ = {
			isa = PBXTargetDependency;
			target = 62B5C61C24A905A00068E9C8 /* ProjectX */;
			targetProxy = 62B5C63A24A905A20068E9C8 /* PBXContainerItemProxy */;
		};
/* End PBXTargetDependency section */

/* Begin XCBuildConfiguration section */
		62B5C64024A905A20068E9C8 /* Debug */ = {
			isa = XCBuildConfiguration;
			buildSettings = {
				ALWAYS_SEARCH_USER_PATHS = NO;
				CLANG_ANALYZER_NONNULL = YES;
				CLANG_ANALYZER_NUMBER_OBJECT_CONVERSION = YES_AGGRESSIVE;
				CLANG_CXX_LANGUAGE_STANDARD = "gnu++14";
				CLANG_CXX_LIBRARY = "libc++";
				CLANG_ENABLE_MODULES = YES;
				CLANG_ENABLE_OBJC_ARC = YES;
				CLANG_ENABLE_OBJC_WEAK = YES;
				CLANG_WARN_BLOCK_CAPTURE_AUTORELEASING = YES;
				CLANG_WARN_BOOL_CONVERSION = YES;
				CLANG_WARN_COMMA = YES;
				CLANG_WARN_CONSTANT_CONVERSION = YES;
				CLANG_WARN_DEPRECATED_OBJC_IMPLEMENTATIONS = YES;
				CLANG_WARN_DIRECT_OBJC_ISA_USAGE = YES_ERROR;
				CLANG_WARN_DOCUMENTATION_COMMENTS = YES;
				CLANG_WARN_EMPTY_BODY = YES;
				CLANG_WARN_ENUM_CONVERSION = YES;
				CLANG_WARN_INFINITE_RECURSION = YES;
				CLANG_WARN_INT_CONVERSION = YES;
				CLANG_WARN_NON_LITERAL_NULL_CONVERSION = YES;
				CLANG_WARN_OBJC_IMPLICIT_RETAIN_SELF = YES;
				CLANG_WARN_OBJC_LITERAL_CONVERSION = YES;
				CLANG_WARN_OBJC_ROOT_CLASS = YES_ERROR;
				CLANG_WARN_QUOTED_INCLUDE_IN_FRAMEWORK_HEADER = YES;
				CLANG_WARN_RANGE_LOOP_ANALYSIS = YES;
				CLANG_WARN_STRICT_PROTOTYPES = YES;
				CLANG_WARN_SUSPICIOUS_MOVE = YES;
				CLANG_WARN_UNGUARDED_AVAILABILITY = YES_AGGRESSIVE;
				CLANG_WARN_UNREACHABLE_CODE = YES;
				CLANG_WARN__DUPLICATE_METHOD_MATCH = YES;
				COPY_PHASE_STRIP = NO;
				DEBUG_INFORMATION_FORMAT = dwarf;
				ENABLE_STRICT_OBJC_MSGSEND = YES;
				ENABLE_TESTABILITY = YES;
				GCC_C_LANGUAGE_STANDARD = gnu11;
				GCC_DYNAMIC_NO_PIC = NO;
				GCC_NO_COMMON_BLOCKS = YES;
				GCC_OPTIMIZATION_LEVEL = 0;
				GCC_PREPROCESSOR_DEFINITIONS = (
					"DEBUG=1",
					"$(inherited)",
				);
				GCC_WARN_64_TO_32_BIT_CONVERSION = YES;
				GCC_WARN_ABOUT_RETURN_TYPE = YES_ERROR;
				GCC_WARN_UNDECLARED_SELECTOR = YES;
				GCC_WARN_UNINITIALIZED_AUTOS = YES_AGGRESSIVE;
				GCC_WARN_UNUSED_FUNCTION = YES;
				GCC_WARN_UNUSED_VARIABLE = YES;
				IPHONEOS_DEPLOYMENT_TARGET = 14.0;
				MTL_ENABLE_DEBUG_INFO = INCLUDE_SOURCE;
				MTL_FAST_MATH = YES;
				ONLY_ACTIVE_ARCH = YES;
				SDKROOT = iphoneos;
				SWIFT_ACTIVE_COMPILATION_CONDITIONS = DEBUG;
				SWIFT_OPTIMIZATION_LEVEL = "-Onone";
			};
			name = Debug;
		};
		62B5C64124A905A20068E9C8 /* Release */ = {
			isa = XCBuildConfiguration;
			buildSettings = {
				ALWAYS_SEARCH_USER_PATHS = NO;
				CLANG_ANALYZER_NONNULL = YES;
				CLANG_ANALYZER_NUMBER_OBJECT_CONVERSION = YES_AGGRESSIVE;
				CLANG_CXX_LANGUAGE_STANDARD = "gnu++14";
				CLANG_CXX_LIBRARY = "libc++";
				CLANG_ENABLE_MODULES = YES;
				CLANG_ENABLE_OBJC_ARC = YES;
				CLANG_ENABLE_OBJC_WEAK = YES;
				CLANG_WARN_BLOCK_CAPTURE_AUTORELEASING = YES;
				CLANG_WARN_BOOL_CONVERSION = YES;
				CLANG_WARN_COMMA = YES;
				CLANG_WARN_CONSTANT_CONVERSION = YES;
				CLANG_WARN_DEPRECATED_OBJC_IMPLEMENTATIONS = YES;
				CLANG_WARN_DIRECT_OBJC_ISA_USAGE = YES_ERROR;
				CLANG_WARN_DOCUMENTATION_COMMENTS = YES;
				CLANG_WARN_EMPTY_BODY = YES;
				CLANG_WARN_ENUM_CONVERSION = YES;
				CLANG_WARN_INFINITE_RECURSION = YES;
				CLANG_WARN_INT_CONVERSION = YES;
				CLANG_WARN_NON_LITERAL_NULL_CONVERSION = YES;
				CLANG_WARN_OBJC_IMPLICIT_RETAIN_SELF = YES;
				CLANG_WARN_OBJC_LITERAL_CONVERSION = YES;
				CLANG_WARN_OBJC_ROOT_CLASS = YES_ERROR;
				CLANG_WARN_QUOTED_INCLUDE_IN_FRAMEWORK_HEADER = YES;
				CLANG_WARN_RANGE_LOOP_ANALYSIS = YES;
				CLANG_WARN_STRICT_PROTOTYPES = YES;
				CLANG_WARN_SUSPICIOUS_MOVE = YES;
				CLANG_WARN_UNGUARDED_AVAILABILITY = YES_AGGRESSIVE;
				CLANG_WARN_UNREACHABLE_CODE = YES;
				CLANG_WARN__DUPLICATE_METHOD_MATCH = YES;
				COPY_PHASE_STRIP = NO;
				DEBUG_INFORMATION_FORMAT = "dwarf-with-dsym";
				ENABLE_NS_ASSERTIONS = NO;
				ENABLE_STRICT_OBJC_MSGSEND = YES;
				GCC_C_LANGUAGE_STANDARD = gnu11;
				GCC_NO_COMMON_BLOCKS = YES;
				GCC_WARN_64_TO_32_BIT_CONVERSION = YES;
				GCC_WARN_ABOUT_RETURN_TYPE = YES_ERROR;
				GCC_WARN_UNDECLARED_SELECTOR = YES;
				GCC_WARN_UNINITIALIZED_AUTOS = YES_AGGRESSIVE;
				GCC_WARN_UNUSED_FUNCTION = YES;
				GCC_WARN_UNUSED_VARIABLE = YES;
				IPHONEOS_DEPLOYMENT_TARGET = 14.0;
				MTL_ENABLE_DEBUG_INFO = NO;
				MTL_FAST_MATH = YES;
				SDKROOT = iphoneos;
				SWIFT_COMPILATION_MODE = wholemodule;
				SWIFT_OPTIMIZATION_LEVEL = "-O";
				VALIDATE_PRODUCT = YES;
			};
			name = Release;
		};
		62B5C64324A905A20068E9C8 /* Debug */ = {
			isa = XCBuildConfiguration;
			buildSettings = {
				ASSETCATALOG_COMPILER_APPICON_NAME = AppIcon;
				ASSETCATALOG_COMPILER_GLOBAL_ACCENT_COLOR_NAME = AccentColor;
				CODE_SIGN_IDENTITY = "Apple Development";
				CODE_SIGN_STYLE = Automatic;
				DEVELOPMENT_ASSET_PATHS = "\"ProjectX/Preview Content\"";
				DEVELOPMENT_TEAM = R8DRDAPLCP;
				ENABLE_PREVIEWS = YES;
				INFOPLIST_FILE = ProjectX/Info.plist;
				IPHONEOS_DEPLOYMENT_TARGET = 14.0;
				LD_RUNPATH_SEARCH_PATHS = (
					"$(inherited)",
					"@executable_path/Frameworks",
				);
				PRODUCT_BUNDLE_IDENTIFIER = com.henriquevalcanaia.ProjectX;
				PRODUCT_NAME = "$(TARGET_NAME)";
				PROVISIONING_PROFILE_SPECIFIER = "";
				SWIFT_VERSION = 5.0;
				TARGETED_DEVICE_FAMILY = "1,2";
			};
			name = Debug;
		};
		62B5C64424A905A20068E9C8 /* Release */ = {
			isa = XCBuildConfiguration;
			buildSettings = {
				ASSETCATALOG_COMPILER_APPICON_NAME = AppIcon;
				ASSETCATALOG_COMPILER_GLOBAL_ACCENT_COLOR_NAME = AccentColor;
				CODE_SIGN_IDENTITY = "Apple Development";
				CODE_SIGN_STYLE = Automatic;
				DEVELOPMENT_ASSET_PATHS = "\"ProjectX/Preview Content\"";
				DEVELOPMENT_TEAM = R8DRDAPLCP;
				ENABLE_PREVIEWS = YES;
				INFOPLIST_FILE = ProjectX/Info.plist;
				IPHONEOS_DEPLOYMENT_TARGET = 14.0;
				LD_RUNPATH_SEARCH_PATHS = (
					"$(inherited)",
					"@executable_path/Frameworks",
				);
				PRODUCT_BUNDLE_IDENTIFIER = com.henriquevalcanaia.ProjectX;
				PRODUCT_NAME = "$(TARGET_NAME)";
				PROVISIONING_PROFILE_SPECIFIER = "";
				SWIFT_VERSION = 5.0;
				TARGETED_DEVICE_FAMILY = "1,2";
			};
			name = Release;
		};
		62B5C64624A905A20068E9C8 /* Debug */ = {
			isa = XCBuildConfiguration;
			buildSettings = {
				ALWAYS_EMBED_SWIFT_STANDARD_LIBRARIES = YES;
				BUNDLE_LOADER = "$(TEST_HOST)";
				CODE_SIGN_STYLE = Automatic;
				DEVELOPMENT_TEAM = 8WCPHDZJPJ;
				INFOPLIST_FILE = ProjectXTests/Info.plist;
				IPHONEOS_DEPLOYMENT_TARGET = 14.0;
				LD_RUNPATH_SEARCH_PATHS = (
					"$(inherited)",
					"@executable_path/Frameworks",
					"@loader_path/Frameworks",
				);
				PRODUCT_BUNDLE_IDENTIFIER = com.henriquevalcanaia.ProjectXTests;
				PRODUCT_NAME = "$(TARGET_NAME)";
				SWIFT_VERSION = 5.0;
				TARGETED_DEVICE_FAMILY = "1,2";
				TEST_HOST = "$(BUILT_PRODUCTS_DIR)/ProjectX.app/ProjectX";
			};
			name = Debug;
		};
		62B5C64724A905A20068E9C8 /* Release */ = {
			isa = XCBuildConfiguration;
			buildSettings = {
				ALWAYS_EMBED_SWIFT_STANDARD_LIBRARIES = YES;
				BUNDLE_LOADER = "$(TEST_HOST)";
				CODE_SIGN_STYLE = Automatic;
				DEVELOPMENT_TEAM = 8WCPHDZJPJ;
				INFOPLIST_FILE = ProjectXTests/Info.plist;
				IPHONEOS_DEPLOYMENT_TARGET = 14.0;
				LD_RUNPATH_SEARCH_PATHS = (
					"$(inherited)",
					"@executable_path/Frameworks",
					"@loader_path/Frameworks",
				);
				PRODUCT_BUNDLE_IDENTIFIER = com.henriquevalcanaia.ProjectXTests;
				PRODUCT_NAME = "$(TARGET_NAME)";
				SWIFT_VERSION = 5.0;
				TARGETED_DEVICE_FAMILY = "1,2";
				TEST_HOST = "$(BUILT_PRODUCTS_DIR)/ProjectX.app/ProjectX";
			};
			name = Release;
		};
		62B5C64924A905A20068E9C8 /* Debug */ = {
			isa = XCBuildConfiguration;
			buildSettings = {
				ALWAYS_EMBED_SWIFT_STANDARD_LIBRARIES = YES;
				CODE_SIGN_STYLE = Automatic;
				DEVELOPMENT_TEAM = 8WCPHDZJPJ;
				INFOPLIST_FILE = ProjectXUITests/Info.plist;
				LD_RUNPATH_SEARCH_PATHS = (
					"$(inherited)",
					"@executable_path/Frameworks",
					"@loader_path/Frameworks",
				);
				PRODUCT_BUNDLE_IDENTIFIER = com.henriquevalcanaia.ProjectXUITests;
				PRODUCT_NAME = "$(TARGET_NAME)";
				SWIFT_VERSION = 5.0;
				TARGETED_DEVICE_FAMILY = "1,2";
				TEST_TARGET_NAME = ProjectX;
			};
			name = Debug;
		};
		62B5C64A24A905A20068E9C8 /* Release */ = {
			isa = XCBuildConfiguration;
			buildSettings = {
				ALWAYS_EMBED_SWIFT_STANDARD_LIBRARIES = YES;
				CODE_SIGN_STYLE = Automatic;
				DEVELOPMENT_TEAM = 8WCPHDZJPJ;
				INFOPLIST_FILE = ProjectXUITests/Info.plist;
				LD_RUNPATH_SEARCH_PATHS = (
					"$(inherited)",
					"@executable_path/Frameworks",
					"@loader_path/Frameworks",
				);
				PRODUCT_BUNDLE_IDENTIFIER = com.henriquevalcanaia.ProjectXUITests;
				PRODUCT_NAME = "$(TARGET_NAME)";
				SWIFT_VERSION = 5.0;
				TARGETED_DEVICE_FAMILY = "1,2";
				TEST_TARGET_NAME = ProjectX;
			};
			name = Release;
		};
/* End XCBuildConfiguration section */

/* Begin XCConfigurationList section */
		62B5C61824A905A00068E9C8 /* Build configuration list for PBXProject "ProjectX" */ = {
			isa = XCConfigurationList;
			buildConfigurations = (
				62B5C64024A905A20068E9C8 /* Debug */,
				62B5C64124A905A20068E9C8 /* Release */,
			);
			defaultConfigurationIsVisible = 0;
			defaultConfigurationName = Release;
		};
		62B5C64224A905A20068E9C8 /* Build configuration list for PBXNativeTarget "ProjectX" */ = {
			isa = XCConfigurationList;
			buildConfigurations = (
				62B5C64324A905A20068E9C8 /* Debug */,
				62B5C64424A905A20068E9C8 /* Release */,
			);
			defaultConfigurationIsVisible = 0;
			defaultConfigurationName = Release;
		};
		62B5C64524A905A20068E9C8 /* Build configuration list for PBXNativeTarget "ProjectXTests" */ = {
			isa = XCConfigurationList;
			buildConfigurations = (
				62B5C64624A905A20068E9C8 /* Debug */,
				62B5C64724A905A20068E9C8 /* Release */,
			);
			defaultConfigurationIsVisible = 0;
			defaultConfigurationName = Release;
		};
		62B5C64824A905A20068E9C8 /* Build configuration list for PBXNativeTarget "ProjectXUITests" */ = {
			isa = XCConfigurationList;
			buildConfigurations = (
				62B5C64924A905A20068E9C8 /* Debug */,
				62B5C64A24A905A20068E9C8 /* Release */,
			);
			defaultConfigurationIsVisible = 0;
			defaultConfigurationName = Release;
		};
/* End XCConfigurationList section */
	};
	rootObject = 62B5C61524A905A00068E9C8 /* Project object */;
}
